
Microsoft Visual Studio Solution File, Format Version 12.00
# Visual Studio 15
Project("{FAE04EC0-301F-11D3-BF4B-00C04F79EFBC}") = "MultiThreading", "MultiThreading\MultiThreading.csproj", "{89A37C61-AC00-4987-BC30-DBB17EE8C759}"
EndProject
Global
	GlobalSection(SolutionConfigurationPlatforms) = preSolution
		Debug|Any CPU = Debug|Any CPU
		Release|Any CPU = Release|Any CPU
	EndGlobalSection
	GlobalSection(ProjectConfigurationPlatforms) = postSolution
		{89A37C61-AC00-4987-BC30-DBB17EE8C759}.Debug|Any CPU.ActiveCfg = Debug|Any CPU
		{89A37C61-AC00-4987-BC30-DBB17EE8C759}.Debug|Any CPU.Build.0 = Debug|Any CPU
		{89A37C61-AC00-4987-BC30-DBB17EE8C759}.Release|Any CPU.ActiveCfg = Release|Any CPU
		{89A37C61-AC00-4987-BC30-DBB17EE8C759}.Release|Any CPU.Build.0 = Release|Any CPU
	EndGlobalSection
EndGlobal
